// !$*UTF8*$!
{
	archiveVersion = 1;
	classes = {
	};
	objectVersion = 55;
	objects = {

/* Begin PBXBuildFile section */
		BD42171C2894387500B0C2CA /* AddToDoViewController.swift in Sources */ = {isa = PBXBuildFile; fileRef = BD42171B2894387500B0C2CA /* AddToDoViewController.swift */; };
		BD42171E2894566300B0C2CA /* CompleteToDoViewController.swift in Sources */ = {isa = PBXBuildFile; fileRef = BD42171D2894566300B0C2CA /* CompleteToDoViewController.swift */; };
		BD6FE9C828941BEA00B6B3E0 /* AppDelegate.swift in Sources */ = {isa = PBXBuildFile; fileRef = BD6FE9C728941BEA00B6B3E0 /* AppDelegate.swift */; };
		BD6FE9CA28941BEA00B6B3E0 /* SceneDelegate.swift in Sources */ = {isa = PBXBuildFile; fileRef = BD6FE9C928941BEA00B6B3E0 /* SceneDelegate.swift */; };
		BD6FE9CF28941BEA00B6B3E0 /* Main.storyboard in Resources */ = {isa = PBXBuildFile; fileRef = BD6FE9CD28941BEA00B6B3E0 /* Main.storyboard */; };
		BD6FE9D228941BEA00B6B3E0 /* coreData.xcdatamodeld in Sources */ = {isa = PBXBuildFile; fileRef = BD6FE9D028941BEA00B6B3E0 /* coreData.xcdatamodeld */; };
		BD6FE9D428941BEB00B6B3E0 /* Assets.xcassets in Resources */ = {isa = PBXBuildFile; fileRef = BD6FE9D328941BEB00B6B3E0 /* Assets.xcassets */; };
		BD6FE9D728941BEB00B6B3E0 /* LaunchScreen.storyboard in Resources */ = {isa = PBXBuildFile; fileRef = BD6FE9D528941BEB00B6B3E0 /* LaunchScreen.storyboard */; };
		BD6FE9E228941BEB00B6B3E0 /* coreDataTests.swift in Sources */ = {isa = PBXBuildFile; fileRef = BD6FE9E128941BEB00B6B3E0 /* coreDataTests.swift */; };
		BD6FE9EC28941BEB00B6B3E0 /* coreDataUITests.swift in Sources */ = {isa = PBXBuildFile; fileRef = BD6FE9EB28941BEB00B6B3E0 /* coreDataUITests.swift */; };
		BD6FE9EE28941BEB00B6B3E0 /* coreDataUITestsLaunchTests.swift in Sources */ = {isa = PBXBuildFile; fileRef = BD6FE9ED28941BEB00B6B3E0 /* coreDataUITestsLaunchTests.swift */; };
		BD722F70289423A00072E6FB /* ToDoTableViewController.swift in Sources */ = {isa = PBXBuildFile; fileRef = BD722F6F289423A00072E6FB /* ToDoTableViewController.swift */; };
		BD722F72289423FC0072E6FB /* ToDo.swift in Sources */ = {isa = PBXBuildFile; fileRef = BD722F71289423FC0072E6FB /* ToDo.swift */; };
/* End PBXBuildFile section */

/* Begin PBXContainerItemProxy section */
		BD6FE9DE28941BEB00B6B3E0 /* PBXContainerItemProxy */ = {
			isa = PBXContainerItemProxy;
			containerPortal = BD6FE9BC28941BEA00B6B3E0 /* Project object */;
			proxyType = 1;
			remoteGlobalIDString = BD6FE9C328941BEA00B6B3E0;
			remoteInfo = coreData;
		};
		BD6FE9E828941BEB00B6B3E0 /* PBXContainerItemProxy */ = {
			isa = PBXContainerItemProxy;
			containerPortal = BD6FE9BC28941BEA00B6B3E0 /* Project object */;
			proxyType = 1;
			remoteGlobalIDString = BD6FE9C328941BEA00B6B3E0;
			remoteInfo = coreData;
		};
/* End PBXContainerItemProxy section */

/* Begin PBXFileReference section */
		BD42171B2894387500B0C2CA /* AddToDoViewController.swift */ = {isa = PBXFileReference; lastKnownFileType = sourcecode.swift; path = AddToDoViewController.swift; sourceTree = "<group>"; };
		BD42171D2894566300B0C2CA /* CompleteToDoViewController.swift */ = {isa = PBXFileReference; lastKnownFileType = sourcecode.swift; path = CompleteToDoViewController.swift; sourceTree = "<group>"; };
		BD6FE9C428941BEA00B6B3E0 /* coreData.app */ = {isa = PBXFileReference; explicitFileType = wrapper.application; includeInIndex = 0; path = coreData.app; sourceTree = BUILT_PRODUCTS_DIR; };
		BD6FE9C728941BEA00B6B3E0 /* AppDelegate.swift */ = {isa = PBXFileReference; lastKnownFileType = sourcecode.swift; path = AppDelegate.swift; sourceTree = "<group>"; };
		BD6FE9C928941BEA00B6B3E0 /* SceneDelegate.swift */ = {isa = PBXFileReference; lastKnownFileType = sourcecode.swift; path = SceneDelegate.swift; sourceTree = "<group>"; };
		BD6FE9CE28941BEA00B6B3E0 /* Base */ = {isa = PBXFileReference; lastKnownFileType = file.storyboard; name = Base; path = Base.lproj/Main.storyboard; sourceTree = "<group>"; };
		BD6FE9D128941BEA00B6B3E0 /* coreData.xcdatamodel */ = {isa = PBXFileReference; lastKnownFileType = wrapper.xcdatamodel; path = coreData.xcdatamodel; sourceTree = "<group>"; };
		BD6FE9D328941BEB00B6B3E0 /* Assets.xcassets */ = {isa = PBXFileReference; lastKnownFileType = folder.assetcatalog; path = Assets.xcassets; sourceTree = "<group>"; };
		BD6FE9D628941BEB00B6B3E0 /* Base */ = {isa = PBXFileReference; lastKnownFileType = file.storyboard; name = Base; path = Base.lproj/LaunchScreen.storyboard; sourceTree = "<group>"; };
		BD6FE9D828941BEB00B6B3E0 /* Info.plist */ = {isa = PBXFileReference; lastKnownFileType = text.plist.xml; path = Info.plist; sourceTree = "<group>"; };
		BD6FE9DD28941BEB00B6B3E0 /* coreDataTests.xctest */ = {isa = PBXFileReference; explicitFileType = wrapper.cfbundle; includeInIndex = 0; path = coreDataTests.xctest; sourceTree = BUILT_PRODUCTS_DIR; };
		BD6FE9E128941BEB00B6B3E0 /* coreDataTests.swift */ = {isa = PBXFileReference; lastKnownFileType = sourcecode.swift; path = coreDataTests.swift; sourceTree = "<group>"; };
		BD6FE9E728941BEB00B6B3E0 /* coreDataUITests.xctest */ = {isa = PBXFileReference; explicitFileType = wrapper.cfbundle; includeInIndex = 0; path = coreDataUITests.xctest; sourceTree = BUILT_PRODUCTS_DIR; };
		BD6FE9EB28941BEB00B6B3E0 /* coreDataUITests.swift */ = {isa = PBXFileReference; lastKnownFileType = sourcecode.swift; path = coreDataUITests.swift; sourceTree = "<group>"; };
		BD6FE9ED28941BEB00B6B3E0 /* coreDataUITestsLaunchTests.swift */ = {isa = PBXFileReference; lastKnownFileType = sourcecode.swift; path = coreDataUITestsLaunchTests.swift; sourceTree = "<group>"; };
		BD722F6F289423A00072E6FB /* ToDoTableViewController.swift */ = {isa = PBXFileReference; lastKnownFileType = sourcecode.swift; path = ToDoTableViewController.swift; sourceTree = "<group>"; };
		BD722F71289423FC0072E6FB /* ToDo.swift */ = {isa = PBXFileReference; lastKnownFileType = sourcecode.swift; path = ToDo.swift; sourceTree = "<group>"; };
/* End PBXFileReference section */

/* Begin PBXFrameworksBuildPhase section */
		BD6FE9C128941BEA00B6B3E0 /* Frameworks */ = {
			isa = PBXFrameworksBuildPhase;
			buildActionMask = 2147483647;
			files = (
			);
			runOnlyForDeploymentPostprocessing = 0;
		};
		BD6FE9DA28941BEB00B6B3E0 /* Frameworks */ = {
			isa = PBXFrameworksBuildPhase;
			buildActionMask = 2147483647;
			files = (
			);
			runOnlyForDeploymentPostprocessing = 0;
		};
		BD6FE9E428941BEB00B6B3E0 /* Frameworks */ = {
			isa = PBXFrameworksBuildPhase;
			buildActionMask = 2147483647;
			files = (
			);
			runOnlyForDeploymentPostprocessing = 0;
		};
/* End PBXFrameworksBuildPhase section */

/* Begin PBXGroup section */
		BD6FE9BB28941BEA00B6B3E0 = {
			isa = PBXGroup;
			children = (
				BD6FE9C628941BEA00B6B3E0 /* coreData */,
				BD6FE9E028941BEB00B6B3E0 /* coreDataTests */,
				BD6FE9EA28941BEB00B6B3E0 /* coreDataUITests */,
				BD6FE9C528941BEA00B6B3E0 /* Products */,
			);
			sourceTree = "<group>";
		};
		BD6FE9C528941BEA00B6B3E0 /* Products */ = {
			isa = PBXGroup;
			children = (
				BD6FE9C428941BEA00B6B3E0 /* coreData.app */,
				BD6FE9DD28941BEB00B6B3E0 /* coreDataTests.xctest */,
				BD6FE9E728941BEB00B6B3E0 /* coreDataUITests.xctest */,
			);
			name = Products;
			sourceTree = "<group>";
		};
		BD6FE9C628941BEA00B6B3E0 /* coreData */ = {
			isa = PBXGroup;
			children = (
				BD6FE9C728941BEA00B6B3E0 /* AppDelegate.swift */,
				BD6FE9C928941BEA00B6B3E0 /* SceneDelegate.swift */,
				BD6FE9CD28941BEA00B6B3E0 /* Main.storyboard */,
				BD42171D2894566300B0C2CA /* CompleteToDoViewController.swift */,
				BD42171B2894387500B0C2CA /* AddToDoViewController.swift */,
				BD722F71289423FC0072E6FB /* ToDo.swift */,
				BD722F6F289423A00072E6FB /* ToDoTableViewController.swift */,
				BD6FE9D328941BEB00B6B3E0 /* Assets.xcassets */,
				BD6FE9D528941BEB00B6B3E0 /* LaunchScreen.storyboard */,
				BD6FE9D828941BEB00B6B3E0 /* Info.plist */,
				BD6FE9D028941BEA00B6B3E0 /* coreData.xcdatamodeld */,
			);
			path = coreData;
			sourceTree = "<group>";
		};
		BD6FE9E028941BEB00B6B3E0 /* coreDataTests */ = {
			isa = PBXGroup;
			children = (
				BD6FE9E128941BEB00B6B3E0 /* coreDataTests.swift */,
			);
			path = coreDataTests;
			sourceTree = "<group>";
		};
		BD6FE9EA28941BEB00B6B3E0 /* coreDataUITests */ = {
			isa = PBXGroup;
			children = (
				BD6FE9EB28941BEB00B6B3E0 /* coreDataUITests.swift */,
				BD6FE9ED28941BEB00B6B3E0 /* coreDataUITestsLaunchTests.swift */,
			);
			path = coreDataUITests;
			sourceTree = "<group>";
		};
/* End PBXGroup section */

/* Begin PBXNativeTarget section */
		BD6FE9C328941BEA00B6B3E0 /* coreData */ = {
			isa = PBXNativeTarget;
			buildConfigurationList = BD6FE9F128941BEB00B6B3E0 /* Build configuration list for PBXNativeTarget "coreData" */;
			buildPhases = (
				BD6FE9C028941BEA00B6B3E0 /* Sources */,
				BD6FE9C128941BEA00B6B3E0 /* Frameworks */,
				BD6FE9C228941BEA00B6B3E0 /* Resources */,
			);
			buildRules = (
			);
			dependencies = (
			);
			name = coreData;
			productName = coreData;
			productReference = BD6FE9C428941BEA00B6B3E0 /* coreData.app */;
			productType = "com.apple.product-type.application";
		};
		BD6FE9DC28941BEB00B6B3E0 /* coreDataTests */ = {
			isa = PBXNativeTarget;
			buildConfigurationList = BD6FE9F428941BEB00B6B3E0 /* Build configuration list for PBXNativeTarget "coreDataTests" */;
			buildPhases = (
				BD6FE9D928941BEB00B6B3E0 /* Sources */,
				BD6FE9DA28941BEB00B6B3E0 /* Frameworks */,
				BD6FE9DB28941BEB00B6B3E0 /* Resources */,
			);
			buildRules = (
			);
			dependencies = (
				BD6FE9DF28941BEB00B6B3E0 /* PBXTargetDependency */,
			);
			name = coreDataTests;
			productName = coreDataTests;
			productReference = BD6FE9DD28941BEB00B6B3E0 /* coreDataTests.xctest */;
			productType = "com.apple.product-type.bundle.unit-test";
		};
		BD6FE9E628941BEB00B6B3E0 /* coreDataUITests */ = {
			isa = PBXNativeTarget;
			buildConfigurationList = BD6FE9F728941BEB00B6B3E0 /* Build configuration list for PBXNativeTarget "coreDataUITests" */;
			buildPhases = (
				BD6FE9E328941BEB00B6B3E0 /* Sources */,
				BD6FE9E428941BEB00B6B3E0 /* Frameworks */,
				BD6FE9E528941BEB00B6B3E0 /* Resources */,
			);
			buildRules = (
			);
			dependencies = (
				BD6FE9E928941BEB00B6B3E0 /* PBXTargetDependency */,
			);
			name = coreDataUITests;
			productName = coreDataUITests;
			productReference = BD6FE9E728941BEB00B6B3E0 /* coreDataUITests.xctest */;
			productType = "com.apple.product-type.bundle.ui-testing";
		};
/* End PBXNativeTarget section */

/* Begin PBXProject section */
		BD6FE9BC28941BEA00B6B3E0 /* Project object */ = {
			isa = PBXProject;
			attributes = {
				BuildIndependentTargetsInParallel = 1;
				LastSwiftUpdateCheck = 1340;
				LastUpgradeCheck = 1340;
				TargetAttributes = {
					BD6FE9C328941BEA00B6B3E0 = {
						CreatedOnToolsVersion = 13.4.1;
					};
					BD6FE9DC28941BEB00B6B3E0 = {
						CreatedOnToolsVersion = 13.4.1;
						TestTargetID = BD6FE9C328941BEA00B6B3E0;
					};
					BD6FE9E628941BEB00B6B3E0 = {
						CreatedOnToolsVersion = 13.4.1;
						TestTargetID = BD6FE9C328941BEA00B6B3E0;
					};
				};
			};
			buildConfigurationList = BD6FE9BF28941BEA00B6B3E0 /* Build configuration list for PBXProject "coreData" */;
			compatibilityVersion = "Xcode 13.0";
			developmentRegion = en;
			hasScannedForEncodings = 0;
			knownRegions = (
				en,
				Base,
			);
			mainGroup = BD6FE9BB28941BEA00B6B3E0;
			productRefGroup = BD6FE9C528941BEA00B6B3E0 /* Products */;
			projectDirPath = "";
			projectRoot = "";
			targets = (
				BD6FE9C328941BEA00B6B3E0 /* coreData */,
				BD6FE9DC28941BEB00B6B3E0 /* coreDataTests */,
				BD6FE9E628941BEB00B6B3E0 /* coreDataUITests */,
			);
		};
/* End PBXProject section */

/* Begin PBXResourcesBuildPhase section */
		BD6FE9C228941BEA00B6B3E0 /* Resources */ = {
			isa = PBXResourcesBuildPhase;
			buildActionMask = 2147483647;
			files = (
				BD6FE9D728941BEB00B6B3E0 /* LaunchScreen.storyboard in Resources */,
				BD6FE9D428941BEB00B6B3E0 /* Assets.xcassets in Resources */,
				BD6FE9CF28941BEA00B6B3E0 /* Main.storyboard in Resources */,
			);
			runOnlyForDeploymentPostprocessing = 0;
		};
		BD6FE9DB28941BEB00B6B3E0 /* Resources */ = {
			isa = PBXResourcesBuildPhase;
			buildActionMask = 2147483647;
			files = (
			);
			runOnlyForDeploymentPostprocessing = 0;
		};
		BD6FE9E528941BEB00B6B3E0 /* Resources */ = {
			isa = PBXResourcesBuildPhase;
			buildActionMask = 2147483647;
			files = (
			);
			runOnlyForDeploymentPostprocessing = 0;
		};
/* End PBXResourcesBuildPhase section */

/* Begin PBXSourcesBuildPhase section */
		BD6FE9C028941BEA00B6B3E0 /* Sources */ = {
			isa = PBXSourcesBuildPhase;
			buildActionMask = 2147483647;
			files = (
				BD6FE9D228941BEA00B6B3E0 /* coreData.xcdatamodeld in Sources */,
				BD722F72289423FC0072E6FB /* ToDo.swift in Sources */,
				BD722F70289423A00072E6FB /* ToDoTableViewController.swift in Sources */,
				BD42171E2894566300B0C2CA /* CompleteToDoViewController.swift in Sources */,
				BD6FE9C828941BEA00B6B3E0 /* AppDelegate.swift in Sources */,
				BD42171C2894387500B0C2CA /* AddToDoViewController.swift in Sources */,
				BD6FE9CA28941BEA00B6B3E0 /* SceneDelegate.swift in Sources */,
			);
			runOnlyForDeploymentPostprocessing = 0;
		};
		BD6FE9D928941BEB00B6B3E0 /* Sources */ = {
			isa = PBXSourcesBuildPhase;
			buildActionMask = 2147483647;
			files = (
				BD6FE9E228941BEB00B6B3E0 /* coreDataTests.swift in Sources */,
			);
			runOnlyForDeploymentPostprocessing = 0;
		};
		BD6FE9E328941BEB00B6B3E0 /* Sources */ = {
			isa = PBXSourcesBuildPhase;
			buildActionMask = 2147483647;
			files = (
				BD6FE9EE28941BEB00B6B3E0 /* coreDataUITestsLaunchTests.swift in Sources */,
				BD6FE9EC28941BEB00B6B3E0 /* coreDataUITests.swift in Sources */,
			);
			runOnlyForDeploymentPostprocessing = 0;
		};
/* End PBXSourcesBuildPhase section */

/* Begin PBXTargetDependency section */
		BD6FE9DF28941BEB00B6B3E0 /* PBXTargetDependency */ = {
			isa = PBXTargetDependency;
			target = BD6FE9C328941BEA00B6B3E0 /* coreData */;
			targetProxy = BD6FE9DE28941BEB00B6B3E0 /* PBXContainerItemProxy */;
		};
		BD6FE9E928941BEB00B6B3E0 /* PBXTargetDependency */ = {
			isa = PBXTargetDependency;
			target = BD6FE9C328941BEA00B6B3E0 /* coreData */;
			targetProxy = BD6FE9E828941BEB00B6B3E0 /* PBXContainerItemProxy */;
		};
/* End PBXTargetDependency section */

/* Begin PBXVariantGroup section */
		BD6FE9CD28941BEA00B6B3E0 /* Main.storyboard */ = {
			isa = PBXVariantGroup;
			children = (
				BD6FE9CE28941BEA00B6B3E0 /* Base */,
			);
			name = Main.storyboard;
			sourceTree = "<group>";
		};
		BD6FE9D528941BEB00B6B3E0 /* LaunchScreen.storyboard */ = {
			isa = PBXVariantGroup;
			children = (
				BD6FE9D628941BEB00B6B3E0 /* Base */,
			);
			name = LaunchScreen.storyboard;
			sourceTree = "<group>";
		};
/* End PBXVariantGroup section */

/* Begin XCBuildConfiguration section */
		BD6FE9EF28941BEB00B6B3E0 /* Debug */ = {
			isa = XCBuildConfiguration;
			buildSettings = {
				ALWAYS_SEARCH_USER_PATHS = NO;
				CLANG_ANALYZER_NONNULL = YES;
				CLANG_ANALYZER_NUMBER_OBJECT_CONVERSION = YES_AGGRESSIVE;
				CLANG_CXX_LANGUAGE_STANDARD = "gnu++17";
				CLANG_ENABLE_MODULES = YES;
				CLANG_ENABLE_OBJC_ARC = YES;
				CLANG_ENABLE_OBJC_WEAK = YES;
				CLANG_WARN_BLOCK_CAPTURE_AUTORELEASING = YES;
				CLANG_WARN_BOOL_CONVERSION = YES;
				CLANG_WARN_COMMA = YES;
				CLANG_WARN_CONSTANT_CONVERSION = YES;
				CLANG_WARN_DEPRECATED_OBJC_IMPLEMENTATIONS = YES;
				CLANG_WARN_DIRECT_OBJC_ISA_USAGE = YES_ERROR;
				CLANG_WARN_DOCUMENTATION_COMMENTS = YES;
				CLANG_WARN_EMPTY_BODY = YES;
				CLANG_WARN_ENUM_CONVERSION = YES;
				CLANG_WARN_INFINITE_RECURSION = YES;
				CLANG_WARN_INT_CONVERSION = YES;
				CLANG_WARN_NON_LITERAL_NULL_CONVERSION = YES;
				CLANG_WARN_OBJC_IMPLICIT_RETAIN_SELF = YES;
				CLANG_WARN_OBJC_LITERAL_CONVERSION = YES;
				CLANG_WARN_OBJC_ROOT_CLASS = YES_ERROR;
				CLANG_WARN_QUOTED_INCLUDE_IN_FRAMEWORK_HEADER = YES;
				CLANG_WARN_RANGE_LOOP_ANALYSIS = YES;
				CLANG_WARN_STRICT_PROTOTYPES = YES;
				CLANG_WARN_SUSPICIOUS_MOVE = YES;
				CLANG_WARN_UNGUARDED_AVAILABILITY = YES_AGGRESSIVE;
				CLANG_WARN_UNREACHABLE_CODE = YES;
				CLANG_WARN__DUPLICATE_METHOD_MATCH = YES;
				COPY_PHASE_STRIP = NO;
				DEBUG_INFORMATION_FORMAT = dwarf;
				ENABLE_STRICT_OBJC_MSGSEND = YES;
				ENABLE_TESTABILITY = YES;
				GCC_C_LANGUAGE_STANDARD = gnu11;
				GCC_DYNAMIC_NO_PIC = NO;
				GCC_NO_COMMON_BLOCKS = YES;
				GCC_OPTIMIZATION_LEVEL = 0;
				GCC_PREPROCESSOR_DEFINITIONS = (
					"DEBUG=1",
					"$(inherited)",
				);
				GCC_WARN_64_TO_32_BIT_CONVERSION = YES;
				GCC_WARN_ABOUT_RETURN_TYPE = YES_ERROR;
				GCC_WARN_UNDECLARED_SELECTOR = YES;
				GCC_WARN_UNINITIALIZED_AUTOS = YES_AGGRESSIVE;
				GCC_WARN_UNUSED_FUNCTION = YES;
				GCC_WARN_UNUSED_VARIABLE = YES;
				IPHONEOS_DEPLOYMENT_TARGET = 15.5;
				MTL_ENABLE_DEBUG_INFO = INCLUDE_SOURCE;
				MTL_FAST_MATH = YES;
				ONLY_ACTIVE_ARCH = YES;
				SDKROOT = iphoneos;
				SWIFT_ACTIVE_COMPILATION_CONDITIONS = DEBUG;
				SWIFT_OPTIMIZATION_LEVEL = "-Onone";
			};
			name = Debug;
		};
		BD6FE9F028941BEB00B6B3E0 /* Release */ = {
			isa = XCBuildConfiguration;
			buildSettings = {
				ALWAYS_SEARCH_USER_PATHS = NO;
				CLANG_ANALYZER_NONNULL = YES;
				CLANG_ANALYZER_NUMBER_OBJECT_CONVERSION = YES_AGGRESSIVE;
				CLANG_CXX_LANGUAGE_STANDARD = "gnu++17";
				CLANG_ENABLE_MODULES = YES;
				CLANG_ENABLE_OBJC_ARC = YES;
				CLANG_ENABLE_OBJC_WEAK = YES;
				CLANG_WARN_BLOCK_CAPTURE_AUTORELEASING = YES;
				CLANG_WARN_BOOL_CONVERSION = YES;
				CLANG_WARN_COMMA = YES;
				CLANG_WARN_CONSTANT_CONVERSION = YES;
				CLANG_WARN_DEPRECATED_OBJC_IMPLEMENTATIONS = YES;
				CLANG_WARN_DIRECT_OBJC_ISA_USAGE = YES_ERROR;
				CLANG_WARN_DOCUMENTATION_COMMENTS = YES;
				CLANG_WARN_EMPTY_BODY = YES;
				CLANG_WARN_ENUM_CONVERSION = YES;
				CLANG_WARN_INFINITE_RECURSION = YES;
				CLANG_WARN_INT_CONVERSION = YES;
				CLANG_WARN_NON_LITERAL_NULL_CONVERSION = YES;
				CLANG_WARN_OBJC_IMPLICIT_RETAIN_SELF = YES;
				CLANG_WARN_OBJC_LITERAL_CONVERSION = YES;
				CLANG_WARN_OBJC_ROOT_CLASS = YES_ERROR;
				CLANG_WARN_QUOTED_INCLUDE_IN_FRAMEWORK_HEADER = YES;
				CLANG_WARN_RANGE_LOOP_ANALYSIS = YES;
				CLANG_WARN_STRICT_PROTOTYPES = YES;
				CLANG_WARN_SUSPICIOUS_MOVE = YES;
				CLANG_WARN_UNGUARDED_AVAILABILITY = YES_AGGRESSIVE;
				CLANG_WARN_UNREACHABLE_CODE = YES;
				CLANG_WARN__DUPLICATE_METHOD_MATCH = YES;
				COPY_PHASE_STRIP = NO;
				DEBUG_INFORMATION_FORMAT = "dwarf-with-dsym";
				ENABLE_NS_ASSERTIONS = NO;
				ENABLE_STRICT_OBJC_MSGSEND = YES;
				GCC_C_LANGUAGE_STANDARD = gnu11;
				GCC_NO_COMMON_BLOCKS = YES;
				GCC_WARN_64_TO_32_BIT_CONVERSION = YES;
				GCC_WARN_ABOUT_RETURN_TYPE = YES_ERROR;
				GCC_WARN_UNDECLARED_SELECTOR = YES;
				GCC_WARN_UNINITIALIZED_AUTOS = YES_AGGRESSIVE;
				GCC_WARN_UNUSED_FUNCTION = YES;
				GCC_WARN_UNUSED_VARIABLE = YES;
				IPHONEOS_DEPLOYMENT_TARGET = 15.5;
				MTL_ENABLE_DEBUG_INFO = NO;
				MTL_FAST_MATH = YES;
				SDKROOT = iphoneos;
				SWIFT_COMPILATION_MODE = wholemodule;
				SWIFT_OPTIMIZATION_LEVEL = "-O";
				VALIDATE_PRODUCT = YES;
			};
			name = Release;
		};
		BD6FE9F228941BEB00B6B3E0 /* Debug */ = {
			isa = XCBuildConfiguration;
			buildSettings = {
				ASSETCATALOG_COMPILER_APPICON_NAME = AppIcon;
				ASSETCATALOG_COMPILER_GLOBAL_ACCENT_COLOR_NAME = AccentColor;
				CODE_SIGN_STYLE = Automatic;
				CURRENT_PROJECT_VERSION = 1;
				GENERATE_INFOPLIST_FILE = YES;
				INFOPLIST_FILE = coreData/Info.plist;
				INFOPLIST_KEY_UIApplicationSupportsIndirectInputEvents = YES;
				INFOPLIST_KEY_UILaunchStoryboardName = LaunchScreen;
				INFOPLIST_KEY_UIMainStoryboardFile = Main;
				INFOPLIST_KEY_UISupportedInterfaceOrientations_iPad = "UIInterfaceOrientationPortrait UIInterfaceOrientationPortraitUpsideDown UIInterfaceOrientationLandscapeLeft UIInterfaceOrientationLandscapeRight";
				INFOPLIST_KEY_UISupportedInterfaceOrientations_iPhone = "UIInterfaceOrientationPortrait UIInterfaceOrientationLandscapeLeft UIInterfaceOrientationLandscapeRight";
				LD_RUNPATH_SEARCH_PATHS = (
					"$(inherited)",
					"@executable_path/Frameworks",
				);
				MARKETING_VERSION = 1.0;
				PRODUCT_BUNDLE_IDENTIFIER = kwk.coreData;
				PRODUCT_NAME = "$(TARGET_NAME)";
				SWIFT_EMIT_LOC_STRINGS = YES;
				SWIFT_VERSION = 5.0;
				TARGETED_DEVICE_FAMILY = "1,2";
			};
			name = Debug;
		};
		BD6FE9F328941BEB00B6B3E0 /* Release */ = {
			isa = XCBuildConfiguration;
			buildSettings = {
				ASSETCATALOG_COMPILER_APPICON_NAME = AppIcon;
				ASSETCATALOG_COMPILER_GLOBAL_ACCENT_COLOR_NAME = AccentColor;
				CODE_SIGN_STYLE = Automatic;
				CURRENT_PROJECT_VERSION = 1;
				GENERATE_INFOPLIST_FILE = YES;
				INFOPLIST_FILE = coreData/Info.plist;
				INFOPLIST_KEY_UIApplicationSupportsIndirectInputEvents = YES;
				INFOPLIST_KEY_UILaunchStoryboardName = LaunchScreen;
				INFOPLIST_KEY_UIMainStoryboardFile = Main;
				INFOPLIST_KEY_UISupportedInterfaceOrientations_iPad = "UIInterfaceOrientationPortrait UIInterfaceOrientationPortraitUpsideDown UIInterfaceOrientationLandscapeLeft UIInterfaceOrientationLandscapeRight";
				INFOPLIST_KEY_UISupportedInterfaceOrientations_iPhone = "UIInterfaceOrientationPortrait UIInterfaceOrientationLandscapeLeft UIInterfaceOrientationLandscapeRight";
				LD_RUNPATH_SEARCH_PATHS = (
					"$(inherited)",
					"@executable_path/Frameworks",
				);
				MARKETING_VERSION = 1.0;
				PRODUCT_BUNDLE_IDENTIFIER = kwk.coreData;
				PRODUCT_NAME = "$(TARGET_NAME)";
				SWIFT_EMIT_LOC_STRINGS = YES;
				SWIFT_VERSION = 5.0;
				TARGETED_DEVICE_FAMILY = "1,2";
			};
			name = Release;
		};
		BD6FE9F528941BEB00B6B3E0 /* Debug */ = {
			isa = XCBuildConfiguration;
			buildSettings = {
				ALWAYS_EMBED_SWIFT_STANDARD_LIBRARIES = YES;
				BUNDLE_LOADER = "$(TEST_HOST)";
				CODE_SIGN_STYLE = Automatic;
				CURRENT_PROJECT_VERSION = 1;
				GENERATE_INFOPLIST_FILE = YES;
				IPHONEOS_DEPLOYMENT_TARGET = 15.5;
				MARKETING_VERSION = 1.0;
				PRODUCT_BUNDLE_IDENTIFIER = kwk.coreDataTests;
				PRODUCT_NAME = "$(TARGET_NAME)";
				SWIFT_EMIT_LOC_STRINGS = NO;
				SWIFT_VERSION = 5.0;
				TARGETED_DEVICE_FAMILY = "1,2";
				TEST_HOST = "$(BUILT_PRODUCTS_DIR)/coreData.app/coreData";
			};
			name = Debug;
		};
		BD6FE9F628941BEB00B6B3E0 /* Release */ = {
			isa = XCBuildConfiguration;
			buildSettings = {
				ALWAYS_EMBED_SWIFT_STANDARD_LIBRARIES = YES;
				BUNDLE_LOADER = "$(TEST_HOST)";
				CODE_SIGN_STYLE = Automatic;
				CURRENT_PROJECT_VERSION = 1;
				GENERATE_INFOPLIST_FILE = YES;
				IPHONEOS_DEPLOYMENT_TARGET = 15.5;
				MARKETING_VERSION = 1.0;
				PRODUCT_BUNDLE_IDENTIFIER = kwk.coreDataTests;
				PRODUCT_NAME = "$(TARGET_NAME)";
				SWIFT_EMIT_LOC_STRINGS = NO;
				SWIFT_VERSION = 5.0;
				TARGETED_DEVICE_FAMILY = "1,2";
				TEST_HOST = "$(BUILT_PRODUCTS_DIR)/coreData.app/coreData";
			};
			name = Release;
		};
		BD6FE9F828941BEB00B6B3E0 /* Debug */ = {
			isa = XCBuildConfiguration;
			buildSettings = {
				ALWAYS_EMBED_SWIFT_STANDARD_LIBRARIES = YES;
				CODE_SIGN_STYLE = Automatic;
				CURRENT_PROJECT_VERSION = 1;
				GENERATE_INFOPLIST_FILE = YES;
				MARKETING_VERSION = 1.0;
				PRODUCT_BUNDLE_IDENTIFIER = kwk.coreDataUITests;
				PRODUCT_NAME = "$(TARGET_NAME)";
				SWIFT_EMIT_LOC_STRINGS = NO;
				SWIFT_VERSION = 5.0;
				TARGETED_DEVICE_FAMILY = "1,2";
				TEST_TARGET_NAME = coreData;
			};
			name = Debug;
		};
		BD6FE9F928941BEB00B6B3E0 /* Release */ = {
			isa = XCBuildConfiguration;
			buildSettings = {
				ALWAYS_EMBED_SWIFT_STANDARD_LIBRARIES = YES;
				CODE_SIGN_STYLE = Automatic;
				CURRENT_PROJECT_VERSION = 1;
				GENERATE_INFOPLIST_FILE = YES;
				MARKETING_VERSION = 1.0;
				PRODUCT_BUNDLE_IDENTIFIER = kwk.coreDataUITests;
				PRODUCT_NAME = "$(TARGET_NAME)";
				SWIFT_EMIT_LOC_STRINGS = NO;
				SWIFT_VERSION = 5.0;
				TARGETED_DEVICE_FAMILY = "1,2";
				TEST_TARGET_NAME = coreData;
			};
			name = Release;
		};
/* End XCBuildConfiguration section */

/* Begin XCConfigurationList section */
		BD6FE9BF28941BEA00B6B3E0 /* Build configuration list for PBXProject "coreData" */ = {
			isa = XCConfigurationList;
			buildConfigurations = (
				BD6FE9EF28941BEB00B6B3E0 /* Debug */,
				BD6FE9F028941BEB00B6B3E0 /* Release */,
			);
			defaultConfigurationIsVisible = 0;
			defaultConfigurationName = Release;
		};
		BD6FE9F128941BEB00B6B3E0 /* Build configuration list for PBXNativeTarget "coreData" */ = {
			isa = XCConfigurationList;
			buildConfigurations = (
				BD6FE9F228941BEB00B6B3E0 /* Debug */,
				BD6FE9F328941BEB00B6B3E0 /* Release */,
			);
			defaultConfigurationIsVisible = 0;
			defaultConfigurationName = Release;
		};
		BD6FE9F428941BEB00B6B3E0 /* Build configuration list for PBXNativeTarget "coreDataTests" */ = {
			isa = XCConfigurationList;
			buildConfigurations = (
				BD6FE9F528941BEB00B6B3E0 /* Debug */,
				BD6FE9F628941BEB00B6B3E0 /* Release */,
			);
			defaultConfigurationIsVisible = 0;
			defaultConfigurationName = Release;
		};
		BD6FE9F728941BEB00B6B3E0 /* Build configuration list for PBXNativeTarget "coreDataUITests" */ = {
			isa = XCConfigurationList;
			buildConfigurations = (
				BD6FE9F828941BEB00B6B3E0 /* Debug */,
				BD6FE9F928941BEB00B6B3E0 /* Release */,
			);
			defaultConfigurationIsVisible = 0;
			defaultConfigurationName = Release;
		};
/* End XCConfigurationList section */

/* Begin XCVersionGroup section */
		BD6FE9D028941BEA00B6B3E0 /* coreData.xcdatamodeld */ = {
			isa = XCVersionGroup;
			children = (
				BD6FE9D128941BEA00B6B3E0 /* coreData.xcdatamodel */,
			);
			currentVersion = BD6FE9D128941BEA00B6B3E0 /* coreData.xcdatamodel */;
			path = coreData.xcdatamodeld;
			sourceTree = "<group>";
			versionGroupType = wrapper.xcdatamodel;
		};
/* End XCVersionGroup section */
	};
	rootObject = BD6FE9BC28941BEA00B6B3E0 /* Project object */;
}
